
Microsoft Visual Studio Solution File, Format Version 12.00
# Visual Studio Version 17
VisualStudioVersion = 17.7.34031.279
MinimumVisualStudioVersion = 10.0.40219.1
Project("{9A19103F-16F7-4668-BE54-9A1E7A4F7556}") = "4_Hospital", "Task1\4_Hospital.csproj", "{BC2AA3B9-1628-4DE9-8B90-B70089FC5B82}"
EndProject
Project("{FAE04EC0-301F-11D3-BF4B-00C04F79EFBC}") = "3_Jedi_Galaxy", "3_Jedi_Galaxy\3_Jedi_Galaxy.csproj", "{C49C3CA6-2FCD-45AF-AAC0-A9328D2D71D8}"
EndProject
Global
	GlobalSection(SolutionConfigurationPlatforms) = preSolution
		Debug|Any CPU = Debug|Any CPU
		Release|Any CPU = Release|Any CPU
	EndGlobalSection
	GlobalSection(ProjectConfigurationPlatforms) = postSolution
		{BC2AA3B9-1628-4DE9-8B90-B70089FC5B82}.Debug|Any CPU.ActiveCfg = Debug|Any CPU
		{BC2AA3B9-1628-4DE9-8B90-B70089FC5B82}.Debug|Any CPU.Build.0 = Debug|Any CPU
		{BC2AA3B9-1628-4DE9-8B90-B70089FC5B82}.Release|Any CPU.ActiveCfg = Release|Any CPU
		{BC2AA3B9-1628-4DE9-8B90-B70089FC5B82}.Release|Any CPU.Build.0 = Release|Any CPU
		{C49C3CA6-2FCD-45AF-AAC0-A9328D2D71D8}.Debug|Any CPU.ActiveCfg = Debug|Any CPU
		{C49C3CA6-2FCD-45AF-AAC0-A9328D2D71D8}.Debug|Any CPU.Build.0 = Debug|Any CPU
		{C49C3CA6-2FCD-45AF-AAC0-A9328D2D71D8}.Release|Any CPU.ActiveCfg = Release|Any CPU
		{C49C3CA6-2FCD-45AF-AAC0-A9328D2D71D8}.Release|Any CPU.Build.0 = Release|Any CPU
	EndGlobalSection
	GlobalSection(SolutionProperties) = preSolution
		HideSolutionNode = FALSE
	EndGlobalSection
	GlobalSection(ExtensibilityGlobals) = postSolution
		SolutionGuid = {E97DFD92-172E-46AE-AE92-CCDA7BE62A83}
	EndGlobalSection
EndGlobal
